Microsoft Visual Studio Solution File, Format Version 12.00
# Visual Studio 15
VisualStudioVersion = 15.0.28307.329
MinimumVisualStudioVersion = 10.0.40219.1
Project("{9A19103F-16F7-4668-BE54-9A1E7A4F7556}") = "PROXY-MELI", "PROXY-MELI\PROXY-MELI.csproj", "{4310C120-22BB-49B1-AE1A-D2EBA0E0D6CD}"
EndProject
Project("{FAE04EC0-301F-11D3-BF4B-00C04F79EFBC}") = "PROXY-MELI-DATABASE", "PROXY-MELI-DATABASE\PROXY-MELI-DATABASE.csproj", "{2115F5CE-46DB-4D78-8A29-3C498B0D022D}"
EndProject
Project("{FAE04EC0-301F-11D3-BF4B-00C04F79EFBC}") = "PROXY-MELI-TEST", "PROXY-MELI-TEST\PROXY-MELI-TEST.csproj", "{758E2892-A596-4D49-96B8-6510BB155560}"
EndProject
Project("{FAE04EC0-301F-11D3-BF4B-00C04F79EFBC}") = "PROXY-MELI-WEB", "PROXY-MELI-WEB\PROXY-MELI-WEB.csproj", "{AD6F43AF-184F-46F7-AD06-6EF9426AE1FF}"
EndProject
Project("{FAE04EC0-301F-11D3-BF4B-00C04F79EFBC}") = "PROXY-MELI-API", "PROXY-MELI-API\PROXY-MELI-API.csproj", "{E836370B-1EE1-4BB3-A10C-220BCA44F065}"
EndProject
Global
	GlobalSection(SolutionConfigurationPlatforms) = preSolution
		Debug|Any CPU = Debug|Any CPU
		Release|Any CPU = Release|Any CPU
	EndGlobalSection
	GlobalSection(ProjectConfigurationPlatforms) = postSolution
		{4310C120-22BB-49B1-AE1A-D2EBA0E0D6CD}.Debug|Any CPU.ActiveCfg = Debug|Any CPU
		{4310C120-22BB-49B1-AE1A-D2EBA0E0D6CD}.Debug|Any CPU.Build.0 = Debug|Any CPU
		{4310C120-22BB-49B1-AE1A-D2EBA0E0D6CD}.Release|Any CPU.ActiveCfg = Release|Any CPU
		{4310C120-22BB-49B1-AE1A-D2EBA0E0D6CD}.Release|Any CPU.Build.0 = Release|Any CPU
		{2115F5CE-46DB-4D78-8A29-3C498B0D022D}.Debug|Any CPU.ActiveCfg = Debug|Any CPU
		{2115F5CE-46DB-4D78-8A29-3C498B0D022D}.Debug|Any CPU.Build.0 = Debug|Any CPU
		{2115F5CE-46DB-4D78-8A29-3C498B0D022D}.Release|Any CPU.ActiveCfg = Release|Any CPU
		{2115F5CE-46DB-4D78-8A29-3C498B0D022D}.Release|Any CPU.Build.0 = Release|Any CPU
		{758E2892-A596-4D49-96B8-6510BB155560}.Debug|Any CPU.ActiveCfg = Debug|Any CPU
		{758E2892-A596-4D49-96B8-6510BB155560}.Debug|Any CPU.Build.0 = Debug|Any CPU
		{758E2892-A596-4D49-96B8-6510BB155560}.Release|Any CPU.ActiveCfg = Release|Any CPU
		{758E2892-A596-4D49-96B8-6510BB155560}.Release|Any CPU.Build.0 = Release|Any CPU
		{AD6F43AF-184F-46F7-AD06-6EF9426AE1FF}.Debug|Any CPU.ActiveCfg = Debug|Any CPU
		{AD6F43AF-184F-46F7-AD06-6EF9426AE1FF}.Debug|Any CPU.Build.0 = Debug|Any CPU
		{AD6F43AF-184F-46F7-AD06-6EF9426AE1FF}.Release|Any CPU.ActiveCfg = Release|Any CPU
		{AD6F43AF-184F-46F7-AD06-6EF9426AE1FF}.Release|Any CPU.Build.0 = Release|Any CPU
		{E836370B-1EE1-4BB3-A10C-220BCA44F065}.Debug|Any CPU.ActiveCfg = Debug|Any CPU
		{E836370B-1EE1-4BB3-A10C-220BCA44F065}.Debug|Any CPU.Build.0 = Debug|Any CPU
		{E836370B-1EE1-4BB3-A10C-220BCA44F065}.Release|Any CPU.ActiveCfg = Release|Any CPU
		{E836370B-1EE1-4BB3-A10C-220BCA44F065}.Release|Any CPU.Build.0 = Release|Any CPU
	EndGlobalSection
	GlobalSection(SolutionProperties) = preSolution
		HideSolutionNode = FALSE
	EndGlobalSection
	GlobalSection(ExtensibilityGlobals) = postSolution
		SolutionGuid = {FE6D67AB-D6F1-44F2-9310-4E98FE23BD1A}
	EndGlobalSection
EndGlobal
