
Microsoft Visual Studio Solution File, Format Version 12.00
# Visual Studio 15
Project("{FAE04EC0-301F-11D3-BF4B-00C04F79EFBC}") = "PROXY-MELI", "PROXY-MELI\PROXY-MELI.csproj", "{4310C120-22BB-49B1-AE1A-D2EBA0E0D6CD}"
EndProject
Project("{FAE04EC0-301F-11D3-BF4B-00C04F79EFBC}") = "PROXY-MELI-AWS", "PROXY-MELI-AWS\PROXY-MELI-AWS.csproj", "{F587D9A9-9811-487F-B299-7A5759275064}"
EndProject
Global
	GlobalSection(SolutionConfigurationPlatforms) = preSolution
		Debug|Any CPU = Debug|Any CPU
		Release|Any CPU = Release|Any CPU
	EndGlobalSection
	GlobalSection(ProjectConfigurationPlatforms) = postSolution
		{4310C120-22BB-49B1-AE1A-D2EBA0E0D6CD}.Debug|Any CPU.ActiveCfg = Debug|Any CPU
		{4310C120-22BB-49B1-AE1A-D2EBA0E0D6CD}.Debug|Any CPU.Build.0 = Debug|Any CPU
		{4310C120-22BB-49B1-AE1A-D2EBA0E0D6CD}.Release|Any CPU.ActiveCfg = Release|Any CPU
		{4310C120-22BB-49B1-AE1A-D2EBA0E0D6CD}.Release|Any CPU.Build.0 = Release|Any CPU
		{F587D9A9-9811-487F-B299-7A5759275064}.Debug|Any CPU.ActiveCfg = Debug|Any CPU
		{F587D9A9-9811-487F-B299-7A5759275064}.Debug|Any CPU.Build.0 = Debug|Any CPU
		{F587D9A9-9811-487F-B299-7A5759275064}.Release|Any CPU.ActiveCfg = Release|Any CPU
		{F587D9A9-9811-487F-B299-7A5759275064}.Release|Any CPU.Build.0 = Release|Any CPU
	EndGlobalSection
EndGlobal
